
Microsoft Visual Studio Solution File, Format Version 12.00
# Visual Studio 15
VisualStudioVersion = 15.0.28307.329
MinimumVisualStudioVersion = 10.0.40219.1
Project("{FAE04EC0-301F-11D3-BF4B-00C04F79EFBC}") = "view_my_own_advertisements", "view_my_own_advertisements\view_my_own_advertisements.csproj", "{E8EEB19A-1540-40E0-A35F-253F1FE363D3}"
EndProject
Global
	GlobalSection(SolutionConfigurationPlatforms) = preSolution
		Debug|Any CPU = Debug|Any CPU
		Release|Any CPU = Release|Any CPU
	EndGlobalSection
	GlobalSection(ProjectConfigurationPlatforms) = postSolution
		{E8EEB19A-1540-40E0-A35F-253F1FE363D3}.Debug|Any CPU.ActiveCfg = Debug|Any CPU
		{E8EEB19A-1540-40E0-A35F-253F1FE363D3}.Debug|Any CPU.Build.0 = Debug|Any CPU
		{E8EEB19A-1540-40E0-A35F-253F1FE363D3}.Release|Any CPU.ActiveCfg = Release|Any CPU
		{E8EEB19A-1540-40E0-A35F-253F1FE363D3}.Release|Any CPU.Build.0 = Release|Any CPU
	EndGlobalSection
	GlobalSection(SolutionProperties) = preSolution
		HideSolutionNode = FALSE
	EndGlobalSection
	GlobalSection(ExtensibilityGlobals) = postSolution
		SolutionGuid = {EC6AF395-332D-45C8-9144-9881DCF8E98A}
	EndGlobalSection
EndGlobal
